
Microsoft Visual Studio Solution File, Format Version 12.00
# Visual Studio Version 17
VisualStudioVersion = 17.11.35327.3
MinimumVisualStudioVersion = 10.0.40219.1
Project("{FAE04EC0-301F-11D3-BF4B-00C04F79EFBC}") = "Cptiendaropa", "sis457_tiendaropa\Cptiendaropa.csproj", "{E5822774-406E-4BA1-9BEE-5006FAC1C55A}"
EndProject
Project("{FAE04EC0-301F-11D3-BF4B-00C04F79EFBC}") = "CadTiendaropa", "CadTiendaropa\CadTiendaropa.csproj", "{365CD41B-65F4-4BED-BD78-87958E76A8E6}"
EndProject
Project("{FAE04EC0-301F-11D3-BF4B-00C04F79EFBC}") = "ClnTiendaropa", "ClnTiendaropa\ClnTiendaropa.csproj", "{D2894246-65BE-4DC5-BE54-729A8D8C3683}"
EndProject
Project("{FAE04EC0-301F-11D3-BF4B-00C04F79EFBC}") = "WebTiendaropa", "WebTiendaropa\WebTiendaropa.csproj", "{E56C6F41-27ED-49C2-BDB7-C1FA21C4DB47}"
EndProject
Global
	GlobalSection(SolutionConfigurationPlatforms) = preSolution
		Debug|Any CPU = Debug|Any CPU
		Release|Any CPU = Release|Any CPU
	EndGlobalSection
	GlobalSection(ProjectConfigurationPlatforms) = postSolution
		{E5822774-406E-4BA1-9BEE-5006FAC1C55A}.Debug|Any CPU.ActiveCfg = Debug|Any CPU
		{E5822774-406E-4BA1-9BEE-5006FAC1C55A}.Debug|Any CPU.Build.0 = Debug|Any CPU
		{E5822774-406E-4BA1-9BEE-5006FAC1C55A}.Release|Any CPU.ActiveCfg = Release|Any CPU
		{E5822774-406E-4BA1-9BEE-5006FAC1C55A}.Release|Any CPU.Build.0 = Release|Any CPU
		{365CD41B-65F4-4BED-BD78-87958E76A8E6}.Debug|Any CPU.ActiveCfg = Debug|Any CPU
		{365CD41B-65F4-4BED-BD78-87958E76A8E6}.Debug|Any CPU.Build.0 = Debug|Any CPU
		{365CD41B-65F4-4BED-BD78-87958E76A8E6}.Release|Any CPU.ActiveCfg = Release|Any CPU
		{365CD41B-65F4-4BED-BD78-87958E76A8E6}.Release|Any CPU.Build.0 = Release|Any CPU
		{D2894246-65BE-4DC5-BE54-729A8D8C3683}.Debug|Any CPU.ActiveCfg = Debug|Any CPU
		{D2894246-65BE-4DC5-BE54-729A8D8C3683}.Debug|Any CPU.Build.0 = Debug|Any CPU
		{D2894246-65BE-4DC5-BE54-729A8D8C3683}.Release|Any CPU.ActiveCfg = Release|Any CPU
		{D2894246-65BE-4DC5-BE54-729A8D8C3683}.Release|Any CPU.Build.0 = Release|Any CPU
		{E56C6F41-27ED-49C2-BDB7-C1FA21C4DB47}.Debug|Any CPU.ActiveCfg = Debug|Any CPU
		{E56C6F41-27ED-49C2-BDB7-C1FA21C4DB47}.Debug|Any CPU.Build.0 = Debug|Any CPU
		{E56C6F41-27ED-49C2-BDB7-C1FA21C4DB47}.Release|Any CPU.ActiveCfg = Release|Any CPU
		{E56C6F41-27ED-49C2-BDB7-C1FA21C4DB47}.Release|Any CPU.Build.0 = Release|Any CPU
	EndGlobalSection
	GlobalSection(SolutionProperties) = preSolution
		HideSolutionNode = FALSE
	EndGlobalSection
	GlobalSection(ExtensibilityGlobals) = postSolution
		SolutionGuid = {29DFF911-5006-4397-9EAF-67A02879952D}
	EndGlobalSection
EndGlobal
